// !$*UTF8*$!
{
	archiveVersion = 1;
	classes = {
	};
	objectVersion = 46;
	objects = {

/* Begin PBXBuildFile section */
		610195E01DC9DC34000B08E9 /* experiment.c in Sources */ = {isa = PBXBuildFile; fileRef = 610195DE1DC9DC34000B08E9 /* experiment.c */; };
		611BB7491D8D4D6200DDBF08 /* main.c in Sources */ = {isa = PBXBuildFile; fileRef = 611BB7481D8D4D6200DDBF08 /* main.c */; };
		61514EEE1DAF771D00BD0B90 /* grid.c in Sources */ = {isa = PBXBuildFile; fileRef = 61514EEC1DAF771D00BD0B90 /* grid.c */; };
		61524C8B1E03EB3D0090EFCF /* lwFields.c in Sources */ = {isa = PBXBuildFile; fileRef = 61524C891E03EB3D0090EFCF /* lwFields.c */; };
		619129211DA531BD00A848D1 /* calculations.c in Sources */ = {isa = PBXBuildFile; fileRef = 619129201DA531BD00A848D1 /* calculations.c */; };
		61B3BF5C1DD4DF650092B42E /* particle.c in Sources */ = {isa = PBXBuildFile; fileRef = 61B3BF5A1DD4DF650092B42E /* particle.c */; };
		61D5D4361E8FFA8000CC6179 /* serializers.c in Sources */ = {isa = PBXBuildFile; fileRef = 61D5D4341E8FFA8000CC6179 /* serializers.c */; };
/* End PBXBuildFile section */

/* Begin PBXCopyFilesBuildPhase section */
		611BB7431D8D4D6200DDBF08 /* CopyFiles */ = {
			isa = PBXCopyFilesBuildPhase;
			buildActionMask = 2147483647;
			dstPath = /usr/share/man/man1/;
			dstSubfolderSpec = 0;
			files = (
			);
			runOnlyForDeploymentPostprocessing = 1;
		};
/* End PBXCopyFilesBuildPhase section */

/* Begin PBXFileReference section */
		610195DE1DC9DC34000B08E9 /* experiment.c */ = {isa = PBXFileReference; fileEncoding = 4; lastKnownFileType = sourcecode.c.c; path = experiment.c; sourceTree = "<group>"; };
		610195DF1DC9DC34000B08E9 /* experiment.h */ = {isa = PBXFileReference; fileEncoding = 4; lastKnownFileType = sourcecode.c.h; path = experiment.h; sourceTree = "<group>"; };
		611BB7451D8D4D6200DDBF08 /* masterarbeit */ = {isa = PBXFileReference; explicitFileType = "compiled.mach-o.executable"; includeInIndex = 0; path = masterarbeit; sourceTree = BUILT_PRODUCTS_DIR; };
		611BB7481D8D4D6200DDBF08 /* main.c */ = {isa = PBXFileReference; lastKnownFileType = sourcecode.c.c; path = main.c; sourceTree = "<group>"; };
		61514EEC1DAF771D00BD0B90 /* grid.c */ = {isa = PBXFileReference; fileEncoding = 4; lastKnownFileType = sourcecode.c.c; path = grid.c; sourceTree = "<group>"; };
		61514EED1DAF771D00BD0B90 /* grid.h */ = {isa = PBXFileReference; fileEncoding = 4; lastKnownFileType = sourcecode.c.h; path = grid.h; sourceTree = "<group>"; };
		61524C891E03EB3D0090EFCF /* lwFields.c */ = {isa = PBXFileReference; fileEncoding = 4; lastKnownFileType = sourcecode.c.c; path = lwFields.c; sourceTree = "<group>"; };
		61524C8A1E03EB3D0090EFCF /* lwFields.h */ = {isa = PBXFileReference; fileEncoding = 4; lastKnownFileType = sourcecode.c.h; path = lwFields.h; sourceTree = "<group>"; };
		6191291D1DA530A700A848D1 /* calculations.h */ = {isa = PBXFileReference; lastKnownFileType = sourcecode.c.h; path = calculations.h; sourceTree = "<group>"; };
		619129201DA531BD00A848D1 /* calculations.c */ = {isa = PBXFileReference; fileEncoding = 4; lastKnownFileType = sourcecode.c.c; path = calculations.c; sourceTree = "<group>"; };
		61B3BF5A1DD4DF650092B42E /* particle.c */ = {isa = PBXFileReference; fileEncoding = 4; lastKnownFileType = sourcecode.c.c; path = particle.c; sourceTree = "<group>"; };
		61B3BF5B1DD4DF650092B42E /* particle.h */ = {isa = PBXFileReference; fileEncoding = 4; lastKnownFileType = sourcecode.c.h; path = particle.h; sourceTree = "<group>"; };
		61D5D4341E8FFA8000CC6179 /* serializers.c */ = {isa = PBXFileReference; fileEncoding = 4; lastKnownFileType = sourcecode.c.c; path = serializers.c; sourceTree = "<group>"; };
		61D5D4351E8FFA8000CC6179 /* serializers.h */ = {isa = PBXFileReference; fileEncoding = 4; lastKnownFileType = sourcecode.c.h; path = serializers.h; sourceTree = "<group>"; };
/* End PBXFileReference section */

/* Begin PBXFrameworksBuildPhase section */
		611BB7421D8D4D6200DDBF08 /* Frameworks */ = {
			isa = PBXFrameworksBuildPhase;
			buildActionMask = 2147483647;
			files = (
			);
			runOnlyForDeploymentPostprocessing = 0;
		};
/* End PBXFrameworksBuildPhase section */

/* Begin PBXGroup section */
		611BB73C1D8D4D6200DDBF08 = {
			isa = PBXGroup;
			children = (
				611BB7471D8D4D6200DDBF08 /* masterarbeit */,
				611BB7461D8D4D6200DDBF08 /* Products */,
			);
			sourceTree = "<group>";
		};
		611BB7461D8D4D6200DDBF08 /* Products */ = {
			isa = PBXGroup;
			children = (
				611BB7451D8D4D6200DDBF08 /* masterarbeit */,
			);
			name = Products;
			sourceTree = "<group>";
		};
		611BB7471D8D4D6200DDBF08 /* masterarbeit */ = {
			isa = PBXGroup;
			children = (
				619129231DA531DD00A848D1 /* Implementations */,
				619129221DA531D300A848D1 /* Header */,
				611BB7481D8D4D6200DDBF08 /* main.c */,
			);
			path = masterarbeit;
			sourceTree = "<group>";
		};
		619129221DA531D300A848D1 /* Header */ = {
			isa = PBXGroup;
			children = (
				6191291D1DA530A700A848D1 /* calculations.h */,
				61D5D4351E8FFA8000CC6179 /* serializers.h */,
				61524C8A1E03EB3D0090EFCF /* lwFields.h */,
				610195DF1DC9DC34000B08E9 /* experiment.h */,
				61B3BF5B1DD4DF650092B42E /* particle.h */,
				61514EED1DAF771D00BD0B90 /* grid.h */,
			);
			name = Header;
			sourceTree = "<group>";
		};
		619129231DA531DD00A848D1 /* Implementations */ = {
			isa = PBXGroup;
			children = (
				619129201DA531BD00A848D1 /* calculations.c */,
				61524C891E03EB3D0090EFCF /* lwFields.c */,
				610195DE1DC9DC34000B08E9 /* experiment.c */,
				61514EEC1DAF771D00BD0B90 /* grid.c */,
				61B3BF5A1DD4DF650092B42E /* particle.c */,
				61D5D4341E8FFA8000CC6179 /* serializers.c */,
			);
			name = Implementations;
			sourceTree = "<group>";
		};
/* End PBXGroup section */

/* Begin PBXNativeTarget section */
		611BB7441D8D4D6200DDBF08 /* masterarbeit */ = {
			isa = PBXNativeTarget;
			buildConfigurationList = 611BB74C1D8D4D6200DDBF08 /* Build configuration list for PBXNativeTarget "masterarbeit" */;
			buildPhases = (
				611BB7411D8D4D6200DDBF08 /* Sources */,
				611BB7421D8D4D6200DDBF08 /* Frameworks */,
				611BB7431D8D4D6200DDBF08 /* CopyFiles */,
				616CE4371DD31741005AA85C /* ShellScript */,
			);
			buildRules = (
			);
			dependencies = (
			);
			name = masterarbeit;
			productName = masterarbeit;
			productReference = 611BB7451D8D4D6200DDBF08 /* masterarbeit */;
			productType = "com.apple.product-type.tool";
		};
/* End PBXNativeTarget section */

/* Begin PBXProject section */
		611BB73D1D8D4D6200DDBF08 /* Project object */ = {
			isa = PBXProject;
			attributes = {
				LastUpgradeCheck = 0810;
				ORGANIZATIONNAME = "David Symhoven";
				TargetAttributes = {
					611BB7441D8D4D6200DDBF08 = {
						CreatedOnToolsVersion = 8.0;
						ProvisioningStyle = Automatic;
					};
				};
			};
			buildConfigurationList = 611BB7401D8D4D6200DDBF08 /* Build configuration list for PBXProject "masterarbeit" */;
			compatibilityVersion = "Xcode 3.2";
			developmentRegion = English;
			hasScannedForEncodings = 0;
			knownRegions = (
				en,
			);
			mainGroup = 611BB73C1D8D4D6200DDBF08;
			productRefGroup = 611BB7461D8D4D6200DDBF08 /* Products */;
			projectDirPath = "";
			projectRoot = "";
			targets = (
				611BB7441D8D4D6200DDBF08 /* masterarbeit */,
			);
		};
/* End PBXProject section */

/* Begin PBXShellScriptBuildPhase section */
		616CE4371DD31741005AA85C /* ShellScript */ = {
			isa = PBXShellScriptBuildPhase;
			buildActionMask = 2147483647;
			files = (
			);
			inputPaths = (
			);
			outputPaths = (
			);
			runOnlyForDeploymentPostprocessing = 0;
			shellPath = /bin/sh;
			shellScript = "";
		};
/* End PBXShellScriptBuildPhase section */

/* Begin PBXSourcesBuildPhase section */
		611BB7411D8D4D6200DDBF08 /* Sources */ = {
			isa = PBXSourcesBuildPhase;
			buildActionMask = 2147483647;
			files = (
				61B3BF5C1DD4DF650092B42E /* particle.c in Sources */,
				61524C8B1E03EB3D0090EFCF /* lwFields.c in Sources */,
				61D5D4361E8FFA8000CC6179 /* serializers.c in Sources */,
				611BB7491D8D4D6200DDBF08 /* main.c in Sources */,
				61514EEE1DAF771D00BD0B90 /* grid.c in Sources */,
				610195E01DC9DC34000B08E9 /* experiment.c in Sources */,
				619129211DA531BD00A848D1 /* calculations.c in Sources */,
			);
			runOnlyForDeploymentPostprocessing = 0;
		};
/* End PBXSourcesBuildPhase section */

/* Begin XCBuildConfiguration section */
		611BB74A1D8D4D6200DDBF08 /* Debug */ = {
			isa = XCBuildConfiguration;
			buildSettings = {
				ALWAYS_SEARCH_USER_PATHS = NO;
				CLANG_ANALYZER_NONNULL = YES;
				CLANG_CXX_LANGUAGE_STANDARD = "gnu++0x";
				CLANG_CXX_LIBRARY = "libc++";
				CLANG_ENABLE_MODULES = YES;
				CLANG_ENABLE_OBJC_ARC = YES;
				CLANG_WARN_BOOL_CONVERSION = YES;
				CLANG_WARN_CONSTANT_CONVERSION = YES;
				CLANG_WARN_DIRECT_OBJC_ISA_USAGE = YES_ERROR;
				CLANG_WARN_DOCUMENTATION_COMMENTS = YES;
				CLANG_WARN_EMPTY_BODY = YES;
				CLANG_WARN_ENUM_CONVERSION = YES;
				CLANG_WARN_INFINITE_RECURSION = YES;
				CLANG_WARN_INT_CONVERSION = YES;
				CLANG_WARN_OBJC_ROOT_CLASS = YES_ERROR;
				CLANG_WARN_SUSPICIOUS_MOVE = YES;
				CLANG_WARN_SUSPICIOUS_MOVES = YES;
				CLANG_WARN_UNREACHABLE_CODE = YES;
				CLANG_WARN__DUPLICATE_METHOD_MATCH = YES;
				CODE_SIGN_IDENTITY = "-";
				COPY_PHASE_STRIP = NO;
				DEBUG_INFORMATION_FORMAT = dwarf;
				ENABLE_STRICT_OBJC_MSGSEND = YES;
				ENABLE_TESTABILITY = YES;
				GCC_C_LANGUAGE_STANDARD = gnu99;
				GCC_DYNAMIC_NO_PIC = NO;
				GCC_NO_COMMON_BLOCKS = YES;
				GCC_OPTIMIZATION_LEVEL = 0;
				GCC_PREPROCESSOR_DEFINITIONS = (
					"DEBUG=1",
					"$(inherited)",
				);
				GCC_WARN_64_TO_32_BIT_CONVERSION = YES;
				GCC_WARN_ABOUT_RETURN_TYPE = YES_ERROR;
				GCC_WARN_UNDECLARED_SELECTOR = YES;
				GCC_WARN_UNINITIALIZED_AUTOS = YES_AGGRESSIVE;
				GCC_WARN_UNUSED_FUNCTION = YES;
				GCC_WARN_UNUSED_VARIABLE = YES;
				MACOSX_DEPLOYMENT_TARGET = 10.11;
				MTL_ENABLE_DEBUG_INFO = YES;
				ONLY_ACTIVE_ARCH = YES;
				SDKROOT = macosx;
			};
			name = Debug;
		};
		611BB74B1D8D4D6200DDBF08 /* Release */ = {
			isa = XCBuildConfiguration;
			buildSettings = {
				ALWAYS_SEARCH_USER_PATHS = NO;
				CLANG_ANALYZER_NONNULL = YES;
				CLANG_CXX_LANGUAGE_STANDARD = "gnu++0x";
				CLANG_CXX_LIBRARY = "libc++";
				CLANG_ENABLE_MODULES = YES;
				CLANG_ENABLE_OBJC_ARC = YES;
				CLANG_WARN_BOOL_CONVERSION = YES;
				CLANG_WARN_CONSTANT_CONVERSION = YES;
				CLANG_WARN_DIRECT_OBJC_ISA_USAGE = YES_ERROR;
				CLANG_WARN_DOCUMENTATION_COMMENTS = YES;
				CLANG_WARN_EMPTY_BODY = YES;
				CLANG_WARN_ENUM_CONVERSION = YES;
				CLANG_WARN_INFINITE_RECURSION = YES;
				CLANG_WARN_INT_CONVERSION = YES;
				CLANG_WARN_OBJC_ROOT_CLASS = YES_ERROR;
				CLANG_WARN_SUSPICIOUS_MOVE = YES;
				CLANG_WARN_SUSPICIOUS_MOVES = YES;
				CLANG_WARN_UNREACHABLE_CODE = YES;
				CLANG_WARN__DUPLICATE_METHOD_MATCH = YES;
				CODE_SIGN_IDENTITY = "-";
				COPY_PHASE_STRIP = NO;
				DEBUG_INFORMATION_FORMAT = "dwarf-with-dsym";
				ENABLE_NS_ASSERTIONS = NO;
				ENABLE_STRICT_OBJC_MSGSEND = YES;
				GCC_C_LANGUAGE_STANDARD = gnu99;
				GCC_NO_COMMON_BLOCKS = YES;
				GCC_WARN_64_TO_32_BIT_CONVERSION = YES;
				GCC_WARN_ABOUT_RETURN_TYPE = YES_ERROR;
				GCC_WARN_UNDECLARED_SELECTOR = YES;
				GCC_WARN_UNINITIALIZED_AUTOS = YES_AGGRESSIVE;
				GCC_WARN_UNUSED_FUNCTION = YES;
				GCC_WARN_UNUSED_VARIABLE = YES;
				MACOSX_DEPLOYMENT_TARGET = 10.11;
				MTL_ENABLE_DEBUG_INFO = NO;
				SDKROOT = macosx;
			};
			name = Release;
		};
		611BB74D1D8D4D6200DDBF08 /* Debug */ = {
			isa = XCBuildConfiguration;
			buildSettings = {
				PRODUCT_NAME = "$(TARGET_NAME)";
			};
			name = Debug;
		};
		611BB74E1D8D4D6200DDBF08 /* Release */ = {
			isa = XCBuildConfiguration;
			buildSettings = {
				PRODUCT_NAME = "$(TARGET_NAME)";
			};
			name = Release;
		};
/* End XCBuildConfiguration section */

/* Begin XCConfigurationList section */
		611BB7401D8D4D6200DDBF08 /* Build configuration list for PBXProject "masterarbeit" */ = {
			isa = XCConfigurationList;
			buildConfigurations = (
				611BB74A1D8D4D6200DDBF08 /* Debug */,
				611BB74B1D8D4D6200DDBF08 /* Release */,
			);
			defaultConfigurationIsVisible = 0;
			defaultConfigurationName = Release;
		};
		611BB74C1D8D4D6200DDBF08 /* Build configuration list for PBXNativeTarget "masterarbeit" */ = {
			isa = XCConfigurationList;
			buildConfigurations = (
				611BB74D1D8D4D6200DDBF08 /* Debug */,
				611BB74E1D8D4D6200DDBF08 /* Release */,
			);
			defaultConfigurationIsVisible = 0;
			defaultConfigurationName = Release;
		};
/* End XCConfigurationList section */
	};
	rootObject = 611BB73D1D8D4D6200DDBF08 /* Project object */;
}
